
Microsoft Visual Studio Solution File, Format Version 12.00
# Visual Studio 15
VisualStudioVersion = 15.0.28307.489
MinimumVisualStudioVersion = 10.0.40219.1
Project("{FAE04EC0-301F-11D3-BF4B-00C04F79EFBC}") = "FrontEnd", "FrontEnd\FrontEnd.csproj", "{FA80959E-B8E1-4B3E-9A85-B4468A7D845E}"
EndProject
Project("{FAE04EC0-301F-11D3-BF4B-00C04F79EFBC}") = "BusinessLayer", "BusinessLayer\BusinessLayer.csproj", "{C2A1F5F2-1F9C-41D9-AA53-32040E7AB22D}"
EndProject
Project("{FAE04EC0-301F-11D3-BF4B-00C04F79EFBC}") = "DAL", "DAL\DAL.csproj", "{FC57277D-B3B4-40BB-A722-7D1770A8FF31}"
EndProject
Project("{FAE04EC0-301F-11D3-BF4B-00C04F79EFBC}") = "Entities", "Entities\Entities.csproj", "{5BC9477E-8C3D-4E63-A1E0-CEB538F0E987}"
EndProject
Global
	GlobalSection(SolutionConfigurationPlatforms) = preSolution
		Debug|Any CPU = Debug|Any CPU
		Release|Any CPU = Release|Any CPU
	EndGlobalSection
	GlobalSection(ProjectConfigurationPlatforms) = postSolution
		{FA80959E-B8E1-4B3E-9A85-B4468A7D845E}.Debug|Any CPU.ActiveCfg = Debug|Any CPU
		{FA80959E-B8E1-4B3E-9A85-B4468A7D845E}.Debug|Any CPU.Build.0 = Debug|Any CPU
		{FA80959E-B8E1-4B3E-9A85-B4468A7D845E}.Release|Any CPU.ActiveCfg = Release|Any CPU
		{FA80959E-B8E1-4B3E-9A85-B4468A7D845E}.Release|Any CPU.Build.0 = Release|Any CPU
		{C2A1F5F2-1F9C-41D9-AA53-32040E7AB22D}.Debug|Any CPU.ActiveCfg = Debug|Any CPU
		{C2A1F5F2-1F9C-41D9-AA53-32040E7AB22D}.Debug|Any CPU.Build.0 = Debug|Any CPU
		{C2A1F5F2-1F9C-41D9-AA53-32040E7AB22D}.Release|Any CPU.ActiveCfg = Release|Any CPU
		{C2A1F5F2-1F9C-41D9-AA53-32040E7AB22D}.Release|Any CPU.Build.0 = Release|Any CPU
		{FC57277D-B3B4-40BB-A722-7D1770A8FF31}.Debug|Any CPU.ActiveCfg = Debug|Any CPU
		{FC57277D-B3B4-40BB-A722-7D1770A8FF31}.Debug|Any CPU.Build.0 = Debug|Any CPU
		{FC57277D-B3B4-40BB-A722-7D1770A8FF31}.Release|Any CPU.ActiveCfg = Release|Any CPU
		{FC57277D-B3B4-40BB-A722-7D1770A8FF31}.Release|Any CPU.Build.0 = Release|Any CPU
		{5BC9477E-8C3D-4E63-A1E0-CEB538F0E987}.Debug|Any CPU.ActiveCfg = Debug|Any CPU
		{5BC9477E-8C3D-4E63-A1E0-CEB538F0E987}.Debug|Any CPU.Build.0 = Debug|Any CPU
		{5BC9477E-8C3D-4E63-A1E0-CEB538F0E987}.Release|Any CPU.ActiveCfg = Release|Any CPU
		{5BC9477E-8C3D-4E63-A1E0-CEB538F0E987}.Release|Any CPU.Build.0 = Release|Any CPU
	EndGlobalSection
	GlobalSection(SolutionProperties) = preSolution
		HideSolutionNode = FALSE
	EndGlobalSection
	GlobalSection(ExtensibilityGlobals) = postSolution
		SolutionGuid = {327F14BB-8BF1-43B1-8B81-501E27D02036}
	EndGlobalSection
EndGlobal
